
Microsoft Visual Studio Solution File, Format Version 12.00
# Visual Studio Version 16
VisualStudioVersion = 16.0.30428.66
MinimumVisualStudioVersion = 10.0.40219.1
Project("{FAE04EC0-301F-11D3-BF4B-00C04F79EFBC}") = "ShareCare.App", "src\ShareCare.App\ShareCare.App.csproj", "{85574214-C2E0-4AC5-A7BE-E36A33B01AF1}"
EndProject
Global
	GlobalSection(SolutionConfigurationPlatforms) = preSolution
		Debug|Any CPU = Debug|Any CPU
		Release|Any CPU = Release|Any CPU
	EndGlobalSection
	GlobalSection(ProjectConfigurationPlatforms) = postSolution
		{85574214-C2E0-4AC5-A7BE-E36A33B01AF1}.Debug|Any CPU.ActiveCfg = Debug|Any CPU
		{85574214-C2E0-4AC5-A7BE-E36A33B01AF1}.Debug|Any CPU.Build.0 = Debug|Any CPU
		{85574214-C2E0-4AC5-A7BE-E36A33B01AF1}.Release|Any CPU.ActiveCfg = Release|Any CPU
		{85574214-C2E0-4AC5-A7BE-E36A33B01AF1}.Release|Any CPU.Build.0 = Release|Any CPU
	EndGlobalSection
	GlobalSection(SolutionProperties) = preSolution
		HideSolutionNode = FALSE
	EndGlobalSection
	GlobalSection(ExtensibilityGlobals) = postSolution
		SolutionGuid = {71AEC66F-DC72-42FB-8662-08D5A37B949B}
	EndGlobalSection
EndGlobal
