
Microsoft Visual Studio Solution File, Format Version 12.00
# Visual Studio Version 16
VisualStudioVersion = 16.0.30128.74
MinimumVisualStudioVersion = 10.0.40219.1
Project("{9A19103F-16F7-4668-BE54-9A1E7A4F7556}") = "ShareCare.App", "src\shareCare\ShareCare.App.csproj", "{A57D1E0B-C100-4AA4-9339-733B8077512B}"
EndProject
Global
	GlobalSection(SolutionConfigurationPlatforms) = preSolution
		Debug|Any CPU = Debug|Any CPU
		Release|Any CPU = Release|Any CPU
	EndGlobalSection
	GlobalSection(ProjectConfigurationPlatforms) = postSolution
		{A57D1E0B-C100-4AA4-9339-733B8077512B}.Debug|Any CPU.ActiveCfg = Debug|Any CPU
		{A57D1E0B-C100-4AA4-9339-733B8077512B}.Debug|Any CPU.Build.0 = Debug|Any CPU
		{A57D1E0B-C100-4AA4-9339-733B8077512B}.Release|Any CPU.ActiveCfg = Release|Any CPU
		{A57D1E0B-C100-4AA4-9339-733B8077512B}.Release|Any CPU.Build.0 = Release|Any CPU
	EndGlobalSection
	GlobalSection(SolutionProperties) = preSolution
		HideSolutionNode = FALSE
	EndGlobalSection
	GlobalSection(ExtensibilityGlobals) = postSolution
		SolutionGuid = {88C82A5A-A710-4A9B-BFFE-DC3D62361890}
	EndGlobalSection
EndGlobal
